github.com/davecgh/go-spew v1.1.1 h1:vj9j/u1bqnvCEfJOwUhtlOARqs3+rkHYY13jYWTU97c=
github.com/davecgh/go-spew v1.1.1/go.mod h1:J7Y8YcW2NihsgmVo/mv3lAwl/skON4iLHjSsI+c5H38=
github.com/hallgren/eventsourcing v0.0.16 h1:mE7FCyvKsjUMUT872wnoEF9RI9hzdp2FXOpQ8HdYK64=
github.com/hallgren/eventsourcing v0.0.16/go.mod h1:rODloJ0HuAQ4fGafaKciOMA/6vyTuCA01Ht1hyK2EWA=
