github.com/davecgh/go-spew v1.1.1 h1:vj9j/u1bqnvCEfJOwUhtlOARqs3+rkHYY13jYWTU97c=
github.com/davecgh/go-spew v1.1.1/go.mod h1:J7Y8YcW2NihsgmVo/mv3lAwl/skON4iLHjSsI+c5H38=
github.com/go-gorp/gorp v2.0.0+incompatible/go.mod h1:7IfkAQnO7jfT/9IQ3R9wL1dFhukN6aQxzKTHnkxzA/E=
github.com/hallgren/eventsourcing v0.0.15/go.mod h1:rODloJ0HuAQ4fGafaKciOMA/6vyTuCA01Ht1hyK2EWA=
github.com/hallgren/eventsourcing v0.0.16 h1:mE7FCyvKsjUMUT872wnoEF9RI9hzdp2FXOpQ8HdYK64=
github.com/hallgren/eventsourcing v0.0.16/go.mod h1:rODloJ0HuAQ4fGafaKciOMA/6vyTuCA01Ht1hyK2EWA=
github.com/hallgren/eventsourcing/eventstore/sql v0.0.6 h1:1HSc5bHF83kkDQ4CZkZzawWChCDLJlz07Rv3a/nGSYw=
github.com/hallgren/eventsourcing/eventstore/sql v0.0.6/go.mod h1:XhN98YgQhagYPAYblhXDqTsvKSFWgm80Dr+Yhk0KNxY=
github.com/lib/pq v1.0.0/go.mod h1:5WUZQaWbwv1U+lTReE5YruASi9Al49XbQIvNi/34Woo=
github.com/mattn/go-sqlite3 v1.14.9 h1:10HX2Td0ocZpYEjhilsuo6WWtUqttj2Kb0KtD86/KYA=
github.com/mattn/go-sqlite3 v1.14.9/go.mod h1:NyWgC/yNuGj7Q9rpYnZvas74GogHl5/Z4A/KQRfk6bU=
github.com/proullon/ramsql v0.0.0-20181213202341-817cee58a244/go.mod h1:jG8oAQG0ZPHPyxg5QlMERS31airDC+ZuqiAe8DUvFVo=
